
Microsoft Visual Studio Solution File, Format Version 12.00
# Visual Studio Version 17
VisualStudioVersion = 17.13.35919.96
MinimumVisualStudioVersion = 10.0.40219.1
Project("{FAE04EC0-301F-11D3-BF4B-00C04F79EFBC}") = "bai1", "bai1.csproj", "{B1463AAF-84E2-492E-BA81-DC2CE1390CA6}"
EndProject
Project("{FAE04EC0-301F-11D3-BF4B-00C04F79EFBC}") = "bai2", "..\bai2\bai2.csproj", "{C5C91EA4-B968-45B2-A9D7-E0D84E57F1F0}"
EndProject
Project("{FAE04EC0-301F-11D3-BF4B-00C04F79EFBC}") = "bai3", "..\bai3\bai3.csproj", "{3BAFF393-3702-44E7-9BB4-9CE5ADD32FF1}"
EndProject
Project("{FAE04EC0-301F-11D3-BF4B-00C04F79EFBC}") = "bai4", "..\bai4\bai4.csproj", "{EFF4D9A1-585A-4AED-81BE-EAB01E34924E}"
EndProject
Project("{FAE04EC0-301F-11D3-BF4B-00C04F79EFBC}") = "bai5", "..\bai5\bai5.csproj", "{D34F0371-3F07-4418-9FF3-69E99DC1F93A}"
EndProject
Project("{FAE04EC0-301F-11D3-BF4B-00C04F79EFBC}") = "bai6", "..\bai6\bai6.csproj", "{3AD2E496-69DA-4721-9C84-EA999D786EE3}"
EndProject
Project("{FAE04EC0-301F-11D3-BF4B-00C04F79EFBC}") = "bai7", "..\bai7\bai7.csproj", "{EB9F3AF0-DCDB-473B-AA45-35CB7213BD88}"
EndProject
Project("{FAE04EC0-301F-11D3-BF4B-00C04F79EFBC}") = "bai8", "..\bai8\bai8.csproj", "{93DA589B-4FE2-4E5D-8841-A1ABEB841734}"
EndProject
Project("{FAE04EC0-301F-11D3-BF4B-00C04F79EFBC}") = "bai9", "..\bai9\bai9.csproj", "{B0D1D80A-1283-45E6-B834-D0AE5C479B08}"
EndProject
Project("{FAE04EC0-301F-11D3-BF4B-00C04F79EFBC}") = "bai10", "..\bai10\bai10.csproj", "{92EE48B6-B96D-48C9-8018-3CD4ABEF7530}"
EndProject
Project("{FAE04EC0-301F-11D3-BF4B-00C04F79EFBC}") = "bai11", "..\bai11\bai11.csproj", "{2CBBE67C-FDC4-42A1-9A9C-DEDD16471320}"
EndProject
Project("{FAE04EC0-301F-11D3-BF4B-00C04F79EFBC}") = "bai12", "..\bai12\bai12.csproj", "{179F36AF-560F-462C-A7F0-B3F283F069C6}"
EndProject
Project("{FAE04EC0-301F-11D3-BF4B-00C04F79EFBC}") = "bai13", "..\bai13\bai13.csproj", "{4E563F15-8C9D-47CF-ABDE-50D601F190FD}"
EndProject
Project("{FAE04EC0-301F-11D3-BF4B-00C04F79EFBC}") = "bai14", "..\bai14\bai14.csproj", "{6D1F4F6C-850A-4C25-B4D5-2F3E8AA18458}"
EndProject
Project("{FAE04EC0-301F-11D3-BF4B-00C04F79EFBC}") = "bai15", "..\bai15\bai15.csproj", "{1B5EDC5F-2D15-4491-8716-93D55955E0F9}"
EndProject
Project("{FAE04EC0-301F-11D3-BF4B-00C04F79EFBC}") = "bai16", "..\bai16\bai16.csproj", "{3360766F-E145-40E8-8A31-B7A3DE72E733}"
EndProject
Project("{FAE04EC0-301F-11D3-BF4B-00C04F79EFBC}") = "Bai17", "..\Bai17\Bai17.csproj", "{1DFAFDAF-2097-41BF-BADC-905A45FA513E}"
EndProject
Project("{FAE04EC0-301F-11D3-BF4B-00C04F79EFBC}") = "bai18", "..\bai18\bai18.csproj", "{75F45C51-2CD1-441C-99E5-BFA7D282509D}"
EndProject
Project("{FAE04EC0-301F-11D3-BF4B-00C04F79EFBC}") = "bai19", "..\bai19\bai19.csproj", "{480F596C-8C28-4B1B-8A7B-6D1C00717062}"
EndProject
Project("{FAE04EC0-301F-11D3-BF4B-00C04F79EFBC}") = "bai20", "..\bai20\bai20.csproj", "{BEC4CA0F-9D26-4C15-AD35-AABCC7ADF5D2}"
EndProject
Project("{FAE04EC0-301F-11D3-BF4B-00C04F79EFBC}") = "bai21", "..\Bai21\bai21.csproj", "{49C2AA1F-B500-484E-93D8-991E2EFC3C53}"
EndProject
Project("{FAE04EC0-301F-11D3-BF4B-00C04F79EFBC}") = "bai22", "..\bai22\bai22.csproj", "{3281EA5C-BCD9-4AC7-AF34-2D9FB7059198}"
EndProject
Global
	GlobalSection(SolutionConfigurationPlatforms) = preSolution
		Debug|Any CPU = Debug|Any CPU
		Release|Any CPU = Release|Any CPU
	EndGlobalSection
	GlobalSection(ProjectConfigurationPlatforms) = postSolution
		{B1463AAF-84E2-492E-BA81-DC2CE1390CA6}.Debug|Any CPU.ActiveCfg = Debug|Any CPU
		{B1463AAF-84E2-492E-BA81-DC2CE1390CA6}.Debug|Any CPU.Build.0 = Debug|Any CPU
		{B1463AAF-84E2-492E-BA81-DC2CE1390CA6}.Release|Any CPU.ActiveCfg = Release|Any CPU
		{B1463AAF-84E2-492E-BA81-DC2CE1390CA6}.Release|Any CPU.Build.0 = Release|Any CPU
		{C5C91EA4-B968-45B2-A9D7-E0D84E57F1F0}.Debug|Any CPU.ActiveCfg = Debug|Any CPU
		{C5C91EA4-B968-45B2-A9D7-E0D84E57F1F0}.Debug|Any CPU.Build.0 = Debug|Any CPU
		{C5C91EA4-B968-45B2-A9D7-E0D84E57F1F0}.Release|Any CPU.ActiveCfg = Release|Any CPU
		{C5C91EA4-B968-45B2-A9D7-E0D84E57F1F0}.Release|Any CPU.Build.0 = Release|Any CPU
		{3BAFF393-3702-44E7-9BB4-9CE5ADD32FF1}.Debug|Any CPU.ActiveCfg = Debug|Any CPU
		{3BAFF393-3702-44E7-9BB4-9CE5ADD32FF1}.Debug|Any CPU.Build.0 = Debug|Any CPU
		{3BAFF393-3702-44E7-9BB4-9CE5ADD32FF1}.Release|Any CPU.ActiveCfg = Release|Any CPU
		{3BAFF393-3702-44E7-9BB4-9CE5ADD32FF1}.Release|Any CPU.Build.0 = Release|Any CPU
		{EFF4D9A1-585A-4AED-81BE-EAB01E34924E}.Debug|Any CPU.ActiveCfg = Debug|Any CPU
		{EFF4D9A1-585A-4AED-81BE-EAB01E34924E}.Debug|Any CPU.Build.0 = Debug|Any CPU
		{EFF4D9A1-585A-4AED-81BE-EAB01E34924E}.Release|Any CPU.ActiveCfg = Release|Any CPU
		{EFF4D9A1-585A-4AED-81BE-EAB01E34924E}.Release|Any CPU.Build.0 = Release|Any CPU
		{D34F0371-3F07-4418-9FF3-69E99DC1F93A}.Debug|Any CPU.ActiveCfg = Debug|Any CPU
		{D34F0371-3F07-4418-9FF3-69E99DC1F93A}.Debug|Any CPU.Build.0 = Debug|Any CPU
		{D34F0371-3F07-4418-9FF3-69E99DC1F93A}.Release|Any CPU.ActiveCfg = Release|Any CPU
		{D34F0371-3F07-4418-9FF3-69E99DC1F93A}.Release|Any CPU.Build.0 = Release|Any CPU
		{3AD2E496-69DA-4721-9C84-EA999D786EE3}.Debug|Any CPU.ActiveCfg = Debug|Any CPU
		{3AD2E496-69DA-4721-9C84-EA999D786EE3}.Debug|Any CPU.Build.0 = Debug|Any CPU
		{3AD2E496-69DA-4721-9C84-EA999D786EE3}.Release|Any CPU.ActiveCfg = Release|Any CPU
		{3AD2E496-69DA-4721-9C84-EA999D786EE3}.Release|Any CPU.Build.0 = Release|Any CPU
		{EB9F3AF0-DCDB-473B-AA45-35CB7213BD88}.Debug|Any CPU.ActiveCfg = Debug|Any CPU
		{EB9F3AF0-DCDB-473B-AA45-35CB7213BD88}.Debug|Any CPU.Build.0 = Debug|Any CPU
		{EB9F3AF0-DCDB-473B-AA45-35CB7213BD88}.Release|Any CPU.ActiveCfg = Release|Any CPU
		{EB9F3AF0-DCDB-473B-AA45-35CB7213BD88}.Release|Any CPU.Build.0 = Release|Any CPU
		{93DA589B-4FE2-4E5D-8841-A1ABEB841734}.Debug|Any CPU.ActiveCfg = Debug|Any CPU
		{93DA589B-4FE2-4E5D-8841-A1ABEB841734}.Debug|Any CPU.Build.0 = Debug|Any CPU
		{93DA589B-4FE2-4E5D-8841-A1ABEB841734}.Release|Any CPU.ActiveCfg = Release|Any CPU
		{93DA589B-4FE2-4E5D-8841-A1ABEB841734}.Release|Any CPU.Build.0 = Release|Any CPU
		{B0D1D80A-1283-45E6-B834-D0AE5C479B08}.Debug|Any CPU.ActiveCfg = Debug|Any CPU
		{B0D1D80A-1283-45E6-B834-D0AE5C479B08}.Debug|Any CPU.Build.0 = Debug|Any CPU
		{B0D1D80A-1283-45E6-B834-D0AE5C479B08}.Release|Any CPU.ActiveCfg = Release|Any CPU
		{B0D1D80A-1283-45E6-B834-D0AE5C479B08}.Release|Any CPU.Build.0 = Release|Any CPU
		{92EE48B6-B96D-48C9-8018-3CD4ABEF7530}.Debug|Any CPU.ActiveCfg = Debug|Any CPU
		{92EE48B6-B96D-48C9-8018-3CD4ABEF7530}.Debug|Any CPU.Build.0 = Debug|Any CPU
		{92EE48B6-B96D-48C9-8018-3CD4ABEF7530}.Release|Any CPU.ActiveCfg = Release|Any CPU
		{92EE48B6-B96D-48C9-8018-3CD4ABEF7530}.Release|Any CPU.Build.0 = Release|Any CPU
		{2CBBE67C-FDC4-42A1-9A9C-DEDD16471320}.Debug|Any CPU.ActiveCfg = Debug|Any CPU
		{2CBBE67C-FDC4-42A1-9A9C-DEDD16471320}.Debug|Any CPU.Build.0 = Debug|Any CPU
		{2CBBE67C-FDC4-42A1-9A9C-DEDD16471320}.Release|Any CPU.ActiveCfg = Release|Any CPU
		{2CBBE67C-FDC4-42A1-9A9C-DEDD16471320}.Release|Any CPU.Build.0 = Release|Any CPU
		{179F36AF-560F-462C-A7F0-B3F283F069C6}.Debug|Any CPU.ActiveCfg = Debug|Any CPU
		{179F36AF-560F-462C-A7F0-B3F283F069C6}.Debug|Any CPU.Build.0 = Debug|Any CPU
		{179F36AF-560F-462C-A7F0-B3F283F069C6}.Release|Any CPU.ActiveCfg = Release|Any CPU
		{179F36AF-560F-462C-A7F0-B3F283F069C6}.Release|Any CPU.Build.0 = Release|Any CPU
		{4E563F15-8C9D-47CF-ABDE-50D601F190FD}.Debug|Any CPU.ActiveCfg = Debug|Any CPU
		{4E563F15-8C9D-47CF-ABDE-50D601F190FD}.Debug|Any CPU.Build.0 = Debug|Any CPU
		{4E563F15-8C9D-47CF-ABDE-50D601F190FD}.Release|Any CPU.ActiveCfg = Release|Any CPU
		{4E563F15-8C9D-47CF-ABDE-50D601F190FD}.Release|Any CPU.Build.0 = Release|Any CPU
		{6D1F4F6C-850A-4C25-B4D5-2F3E8AA18458}.Debug|Any CPU.ActiveCfg = Debug|Any CPU
		{6D1F4F6C-850A-4C25-B4D5-2F3E8AA18458}.Debug|Any CPU.Build.0 = Debug|Any CPU
		{6D1F4F6C-850A-4C25-B4D5-2F3E8AA18458}.Release|Any CPU.ActiveCfg = Release|Any CPU
		{6D1F4F6C-850A-4C25-B4D5-2F3E8AA18458}.Release|Any CPU.Build.0 = Release|Any CPU
		{1B5EDC5F-2D15-4491-8716-93D55955E0F9}.Debug|Any CPU.ActiveCfg = Debug|Any CPU
		{1B5EDC5F-2D15-4491-8716-93D55955E0F9}.Debug|Any CPU.Build.0 = Debug|Any CPU
		{1B5EDC5F-2D15-4491-8716-93D55955E0F9}.Release|Any CPU.ActiveCfg = Release|Any CPU
		{1B5EDC5F-2D15-4491-8716-93D55955E0F9}.Release|Any CPU.Build.0 = Release|Any CPU
		{3360766F-E145-40E8-8A31-B7A3DE72E733}.Debug|Any CPU.ActiveCfg = Debug|Any CPU
		{3360766F-E145-40E8-8A31-B7A3DE72E733}.Debug|Any CPU.Build.0 = Debug|Any CPU
		{3360766F-E145-40E8-8A31-B7A3DE72E733}.Release|Any CPU.ActiveCfg = Release|Any CPU
		{3360766F-E145-40E8-8A31-B7A3DE72E733}.Release|Any CPU.Build.0 = Release|Any CPU
		{1DFAFDAF-2097-41BF-BADC-905A45FA513E}.Debug|Any CPU.ActiveCfg = Debug|Any CPU
		{1DFAFDAF-2097-41BF-BADC-905A45FA513E}.Debug|Any CPU.Build.0 = Debug|Any CPU
		{1DFAFDAF-2097-41BF-BADC-905A45FA513E}.Release|Any CPU.ActiveCfg = Release|Any CPU
		{1DFAFDAF-2097-41BF-BADC-905A45FA513E}.Release|Any CPU.Build.0 = Release|Any CPU
		{75F45C51-2CD1-441C-99E5-BFA7D282509D}.Debug|Any CPU.ActiveCfg = Debug|Any CPU
		{75F45C51-2CD1-441C-99E5-BFA7D282509D}.Debug|Any CPU.Build.0 = Debug|Any CPU
		{75F45C51-2CD1-441C-99E5-BFA7D282509D}.Release|Any CPU.ActiveCfg = Release|Any CPU
		{75F45C51-2CD1-441C-99E5-BFA7D282509D}.Release|Any CPU.Build.0 = Release|Any CPU
		{480F596C-8C28-4B1B-8A7B-6D1C00717062}.Debug|Any CPU.ActiveCfg = Debug|Any CPU
		{480F596C-8C28-4B1B-8A7B-6D1C00717062}.Debug|Any CPU.Build.0 = Debug|Any CPU
		{480F596C-8C28-4B1B-8A7B-6D1C00717062}.Release|Any CPU.ActiveCfg = Release|Any CPU
		{480F596C-8C28-4B1B-8A7B-6D1C00717062}.Release|Any CPU.Build.0 = Release|Any CPU
		{BEC4CA0F-9D26-4C15-AD35-AABCC7ADF5D2}.Debug|Any CPU.ActiveCfg = Debug|Any CPU
		{BEC4CA0F-9D26-4C15-AD35-AABCC7ADF5D2}.Debug|Any CPU.Build.0 = Debug|Any CPU
		{BEC4CA0F-9D26-4C15-AD35-AABCC7ADF5D2}.Release|Any CPU.ActiveCfg = Release|Any CPU
		{BEC4CA0F-9D26-4C15-AD35-AABCC7ADF5D2}.Release|Any CPU.Build.0 = Release|Any CPU
		{49C2AA1F-B500-484E-93D8-991E2EFC3C53}.Debug|Any CPU.ActiveCfg = Debug|Any CPU
		{49C2AA1F-B500-484E-93D8-991E2EFC3C53}.Debug|Any CPU.Build.0 = Debug|Any CPU
		{49C2AA1F-B500-484E-93D8-991E2EFC3C53}.Release|Any CPU.ActiveCfg = Release|Any CPU
		{49C2AA1F-B500-484E-93D8-991E2EFC3C53}.Release|Any CPU.Build.0 = Release|Any CPU
		{3281EA5C-BCD9-4AC7-AF34-2D9FB7059198}.Debug|Any CPU.ActiveCfg = Debug|Any CPU
		{3281EA5C-BCD9-4AC7-AF34-2D9FB7059198}.Debug|Any CPU.Build.0 = Debug|Any CPU
		{3281EA5C-BCD9-4AC7-AF34-2D9FB7059198}.Release|Any CPU.ActiveCfg = Release|Any CPU
		{3281EA5C-BCD9-4AC7-AF34-2D9FB7059198}.Release|Any CPU.Build.0 = Release|Any CPU
	EndGlobalSection
	GlobalSection(SolutionProperties) = preSolution
		HideSolutionNode = FALSE
	EndGlobalSection
	GlobalSection(ExtensibilityGlobals) = postSolution
		SolutionGuid = {58F158B8-E45D-4342-9446-D7AA5C8A3B48}
	EndGlobalSection
EndGlobal
