
Microsoft Visual Studio Solution File, Format Version 12.00
# Visual Studio Version 17
VisualStudioVersion = 17.14.36109.1 d17.14
MinimumVisualStudioVersion = 10.0.40219.1
Project("{FAE04EC0-301F-11D3-BF4B-00C04F79EFBC}") = "Lab2", "Lab2\Lab2.csproj", "{13870F46-7FD4-491B-9D38-7989D53C74B4}"
EndProject
Global
	GlobalSection(SolutionConfigurationPlatforms) = preSolution
		Debug|Any CPU = Debug|Any CPU
		Release|Any CPU = Release|Any CPU
	EndGlobalSection
	GlobalSection(ProjectConfigurationPlatforms) = postSolution
		{13870F46-7FD4-491B-9D38-7989D53C74B4}.Debug|Any CPU.ActiveCfg = Debug|Any CPU
		{13870F46-7FD4-491B-9D38-7989D53C74B4}.Debug|Any CPU.Build.0 = Debug|Any CPU
		{13870F46-7FD4-491B-9D38-7989D53C74B4}.Release|Any CPU.ActiveCfg = Release|Any CPU
		{13870F46-7FD4-491B-9D38-7989D53C74B4}.Release|Any CPU.Build.0 = Release|Any CPU
	EndGlobalSection
	GlobalSection(SolutionProperties) = preSolution
		HideSolutionNode = FALSE
	EndGlobalSection
	GlobalSection(ExtensibilityGlobals) = postSolution
		SolutionGuid = {64EAE411-568E-4A6F-A1CC-2427978F505B}
	EndGlobalSection
EndGlobal
